
Microsoft Visual Studio Solution File, Format Version 12.00
# Visual Studio Version 17
VisualStudioVersion = 17.0.31903.59
MinimumVisualStudioVersion = 10.0.40219.1
Project("{FAE04EC0-301F-11D3-BF4B-00C04F79EFBC}") = "PasswordStrengthLib", "PasswordStrengthLib\PasswordStrengthLib.csproj", "{DADDC839-70CA-475F-88E5-DD65FDBA715D}"
EndProject
Project("{FAE04EC0-301F-11D3-BF4B-00C04F79EFBC}") = "PasswordStrengthLib.Tests", "PasswordStrengthLib.Tests\PasswordStrengthLib.Tests.csproj", "{267303AF-D668-4A0A-A834-87B1F0331DCA}"
EndProject
Global
	GlobalSection(SolutionConfigurationPlatforms) = preSolution
		Debug|Any CPU = Debug|Any CPU
		Debug|x64 = Debug|x64
		Debug|x86 = Debug|x86
		Release|Any CPU = Release|Any CPU
		Release|x64 = Release|x64
		Release|x86 = Release|x86
	EndGlobalSection
	GlobalSection(ProjectConfigurationPlatforms) = postSolution
		{DADDC839-70CA-475F-88E5-DD65FDBA715D}.Debug|Any CPU.ActiveCfg = Debug|Any CPU
		{DADDC839-70CA-475F-88E5-DD65FDBA715D}.Debug|Any CPU.Build.0 = Debug|Any CPU
		{DADDC839-70CA-475F-88E5-DD65FDBA715D}.Debug|x64.ActiveCfg = Debug|Any CPU
		{DADDC839-70CA-475F-88E5-DD65FDBA715D}.Debug|x64.Build.0 = Debug|Any CPU
		{DADDC839-70CA-475F-88E5-DD65FDBA715D}.Debug|x86.ActiveCfg = Debug|Any CPU
		{DADDC839-70CA-475F-88E5-DD65FDBA715D}.Debug|x86.Build.0 = Debug|Any CPU
		{DADDC839-70CA-475F-88E5-DD65FDBA715D}.Release|Any CPU.ActiveCfg = Release|Any CPU
		{DADDC839-70CA-475F-88E5-DD65FDBA715D}.Release|Any CPU.Build.0 = Release|Any CPU
		{DADDC839-70CA-475F-88E5-DD65FDBA715D}.Release|x64.ActiveCfg = Release|Any CPU
		{DADDC839-70CA-475F-88E5-DD65FDBA715D}.Release|x64.Build.0 = Release|Any CPU
		{DADDC839-70CA-475F-88E5-DD65FDBA715D}.Release|x86.ActiveCfg = Release|Any CPU
		{DADDC839-70CA-475F-88E5-DD65FDBA715D}.Release|x86.Build.0 = Release|Any CPU
		{267303AF-D668-4A0A-A834-87B1F0331DCA}.Debug|Any CPU.ActiveCfg = Debug|Any CPU
		{267303AF-D668-4A0A-A834-87B1F0331DCA}.Debug|Any CPU.Build.0 = Debug|Any CPU
		{267303AF-D668-4A0A-A834-87B1F0331DCA}.Debug|x64.ActiveCfg = Debug|Any CPU
		{267303AF-D668-4A0A-A834-87B1F0331DCA}.Debug|x64.Build.0 = Debug|Any CPU
		{267303AF-D668-4A0A-A834-87B1F0331DCA}.Debug|x86.ActiveCfg = Debug|Any CPU
		{267303AF-D668-4A0A-A834-87B1F0331DCA}.Debug|x86.Build.0 = Debug|Any CPU
		{267303AF-D668-4A0A-A834-87B1F0331DCA}.Release|Any CPU.ActiveCfg = Release|Any CPU
		{267303AF-D668-4A0A-A834-87B1F0331DCA}.Release|Any CPU.Build.0 = Release|Any CPU
		{267303AF-D668-4A0A-A834-87B1F0331DCA}.Release|x64.ActiveCfg = Release|Any CPU
		{267303AF-D668-4A0A-A834-87B1F0331DCA}.Release|x64.Build.0 = Release|Any CPU
		{267303AF-D668-4A0A-A834-87B1F0331DCA}.Release|x86.ActiveCfg = Release|Any CPU
		{267303AF-D668-4A0A-A834-87B1F0331DCA}.Release|x86.Build.0 = Release|Any CPU
	EndGlobalSection
	GlobalSection(SolutionProperties) = preSolution
		HideSolutionNode = FALSE
	EndGlobalSection
EndGlobal
